<?xml version="1.0" encoding="UTF-8"?>
<!DOCTYPE plist PUBLIC "-//Apple//DTD PLIST 1.0//EN" "http://www.apple.com/DTDs/PropertyList-1.0.dtd">
<plist version="1.0">
<dict>
	<key>archiveVersion</key>
	<string>1</string>
	<key>classes</key>
	<dict/>
	<key>objectVersion</key>
	<string>56</string>
	<key>objects</key>
	<dict>
		<key>FILE00000000000000000000</key>
		<dict>
			<key>isa</key>
			<string>PBXFileReference</string>
			<key>lastKnownFileType</key>
			<string>sourcecode.swift</string>
			<key>path</key>
			<string>WatchBenchmark/BenchmarkApp.swift</string>
			<key>sourceTree</key>
			<string>&lt;group&gt;</string>
		</dict>
		<key>BUILD0000000000000000000</key>
		<dict>
			<key>isa</key>
			<string>PBXBuildFile</string>
			<key>fileRef</key>
			<string>FILE00000000000000000000</string>
		</dict>
		<key>FILE00000000000000000001</key>
		<dict>
			<key>isa</key>
			<string>PBXFileReference</string>
			<key>lastKnownFileType</key>
			<string>sourcecode.swift</string>
			<key>path</key>
			<string>WatchBenchmark/BenchmarkStore.swift</string>
			<key>sourceTree</key>
			<string>&lt;group&gt;</string>
		</dict>
		<key>BUILD0000000000000000001</key>
		<dict>
			<key>isa</key>
			<string>PBXBuildFile</string>
			<key>fileRef</key>
			<string>FILE00000000000000000001</string>
		</dict>
		<key>FILE00000000000000000002</key>
		<dict>
			<key>isa</key>
			<string>PBXFileReference</string>
			<key>lastKnownFileType</key>
			<string>sourcecode.swift</string>
			<key>path</key>
			<string>WatchBenchmark/LookupBenchmark.swift</string>
			<key>sourceTree</key>
			<string>&lt;group&gt;</string>
		</dict>
		<key>BUILD0000000000000000002</key>
		<dict>
			<key>isa</key>
			<string>PBXBuildFile</string>
			<key>fileRef</key>
			<string>FILE00000000000000000002</string>
		</dict>
		<key>FILE00000000000000000003</key>
		<dict>
			<key>isa</key>
			<string>PBXFileReference</string>
			<key>lastKnownFileType</key>
			<string>sourcecode.swift</string>
			<key>path</key>
			<string>../Shared/DictionaryEntry.swift</string>
			<key>sourceTree</key>
			<string>&lt;group&gt;</string>
		</dict>
		<key>BUILD0000000000000000003</key>
		<dict>
			<key>isa</key>
			<string>PBXBuildFile</string>
			<key>fileRef</key>
			<string>FILE00000000000000000003</string>
		</dict>
		<key>FILE00000000000000000004</key>
		<dict>
			<key>isa</key>
			<string>PBXFileReference</string>
			<key>lastKnownFileType</key>
			<string>sourcecode.swift</string>
			<key>path</key>
			<string>../Shared/DictionaryStore.swift</string>
			<key>sourceTree</key>
			<string>&lt;group&gt;</string>
		</dict>
		<key>BUILD0000000000000000004</key>
		<dict>
			<key>isa</key>
			<string>PBXBuildFile</string>
			<key>fileRef</key>
			<string>FILE00000000000000000004</string>
		</dict>
		<key>FILE00000000000000000005</key>
		<dict>
			<key>isa</key>
			<string>PBXFileReference</string>
			<key>lastKnownFileType</key>
			<string>sourcecode.swift</string>
			<key>path</key>
			<string>../Shared/DictionaryText.swift</string>
			<key>sourceTree</key>
			<string>&lt;group&gt;</string>
		</dict>
		<key>BUILD0000000000000000005</key>
		<dict>
			<key>isa</key>
			<string>PBXBuildFile</string>
			<key>fileRef</key>
			<string>FILE00000000000000000005</string>
		</dict>
		<key>PRODUCT00000000000000000</key>
		<dict>
			<key>isa</key>
			<string>PBXFileReference</string>
			<key>explicitFileType</key>
			<string>wrapper.application</string>
			<key>path</key>
			<string>WatchBenchmark.app</string>
			<key>sourceTree</key>
			<string>BUILT_PRODUCTS_DIR</string>
		</dict>
		<key>GROUP0000000000000000000</key>
		<dict>
			<key>isa</key>
			<string>PBXGroup</string>
			<key>children</key>
			<array>
				<string>FILE00000000000000000000</string>
				<string>FILE00000000000000000001</string>
				<string>FILE00000000000000000002</string>
				<string>FILE00000000000000000003</string>
				<string>FILE00000000000000000004</string>
				<string>FILE00000000000000000005</string>
				<string>PRODUCT00000000000000000</string>
			</array>
			<key>sourceTree</key>
			<string>&lt;group&gt;</string>
		</dict>
		<key>SOURCES00000000000000000</key>
		<dict>
			<key>isa</key>
			<string>PBXSourcesBuildPhase</string>
			<key>buildActionMask</key>
			<integer>2147483647</integer>
			<key>files</key>
			<array>
				<string>BUILD0000000000000000000</string>
				<string>BUILD0000000000000000001</string>
				<string>BUILD0000000000000000002</string>
				<string>BUILD0000000000000000003</string>
				<string>BUILD0000000000000000004</string>
				<string>BUILD0000000000000000005</string>
			</array>
			<key>runOnlyForDeploymentPostprocessing</key>
			<integer>0</integer>
		</dict>
		<key>FRAMEWORKS00000000000000</key>
		<dict>
			<key>isa</key>
			<string>PBXFrameworksBuildPhase</string>
			<key>buildActionMask</key>
			<integer>2147483647</integer>
			<key>files</key>
			<array/>
			<key>runOnlyForDeploymentPostprocessing</key>
			<integer>0</integer>
		</dict>
		<key>RESOURCES000000000000000</key>
		<dict>
			<key>isa</key>
			<string>PBXResourcesBuildPhase</string>
			<key>buildActionMask</key>
			<integer>2147483647</integer>
			<key>files</key>
			<array/>
			<key>runOnlyForDeploymentPostprocessing</key>
			<integer>0</integer>
		</dict>
		<key>TARGETCONF00000000000000</key>
		<dict>
			<key>isa</key>
			<string>XCBuildConfiguration</string>
			<key>name</key>
			<string>Release</string>
			<key>buildSettings</key>
			<dict>
				<key>SDKROOT</key>
				<string>watchos</string>
				<key>WATCHOS_DEPLOYMENT_TARGET</key>
				<string>10.0</string>
				<key>TARGETED_DEVICE_FAMILY</key>
				<string>4</string>
				<key>SUPPORTED_PLATFORMS</key>
				<string>watchos watchsimulator</string>
				<key>PRODUCT_BUNDLE_IDENTIFIER</key>
				<string>com.candyrect.instadict.benchmark</string>
				<key>PRODUCT_NAME</key>
				<string>$(TARGET_NAME)</string>
				<key>SWIFT_VERSION</key>
				<string>6.0</string>
				<key>SWIFT_OPTIMIZATION_LEVEL</key>
				<string>-O</string>
				<key>SWIFT_COMPILATION_MODE</key>
				<string>wholemodule</string>
				<key>GENERATE_INFOPLIST_FILE</key>
				<string>YES</string>
				<key>INFOPLIST_KEY_CFBundleDisplayName</key>
				<string>Dict Benchmark</string>
				<key>INFOPLIST_KEY_WKApplication</key>
				<string>YES</string>
				<key>INFOPLIST_KEY_WKWatchOnly</key>
				<string>YES</string>
				<key>MARKETING_VERSION</key>
				<string>1.0</string>
				<key>CURRENT_PROJECT_VERSION</key>
				<string>1</string>
				<key>CODE_SIGN_STYLE</key>
				<string>Automatic</string>
				<key>DEVELOPMENT_TEAM</key>
				<string>CVS7CJXPF7</string>
				<key>OTHER_LDFLAGS</key>
				<array>
					<string>-lsqlite3</string>
					<string>-lz</string>
				</array>
				<key>LD_RUNPATH_SEARCH_PATHS</key>
				<array>
					<string>$(inherited)</string>
					<string>@executable_path/Frameworks</string>
				</array>
				<key>SWIFT_STRICT_CONCURRENCY</key>
				<string>complete</string>
				<key>CLANG_ENABLE_MODULES</key>
				<string>YES</string>
				<key>DEBUG_INFORMATION_FORMAT</key>
				<string>dwarf-with-dsym</string>
			</dict>
		</dict>
		<key>TARGETLIST00000000000000</key>
		<dict>
			<key>isa</key>
			<string>XCConfigurationList</string>
			<key>buildConfigurations</key>
			<array>
				<string>TARGETCONF00000000000000</string>
			</array>
			<key>defaultConfigurationIsVisible</key>
			<integer>0</integer>
			<key>defaultConfigurationName</key>
			<string>Release</string>
		</dict>
		<key>PROJCONF0000000000000000</key>
		<dict>
			<key>isa</key>
			<string>XCBuildConfiguration</string>
			<key>name</key>
			<string>Release</string>
			<key>buildSettings</key>
			<dict/>
		</dict>
		<key>PROJLIST0000000000000000</key>
		<dict>
			<key>isa</key>
			<string>XCConfigurationList</string>
			<key>buildConfigurations</key>
			<array>
				<string>PROJCONF0000000000000000</string>
			</array>
			<key>defaultConfigurationIsVisible</key>
			<integer>0</integer>
			<key>defaultConfigurationName</key>
			<string>Release</string>
		</dict>
		<key>TARGET000000000000000000</key>
		<dict>
			<key>isa</key>
			<string>PBXNativeTarget</string>
			<key>name</key>
			<string>WatchBenchmark</string>
			<key>productName</key>
			<string>WatchBenchmark</string>
			<key>productType</key>
			<string>com.apple.product-type.application</string>
			<key>productReference</key>
			<string>PRODUCT00000000000000000</string>
			<key>buildConfigurationList</key>
			<string>TARGETLIST00000000000000</string>
			<key>buildPhases</key>
			<array>
				<string>SOURCES00000000000000000</string>
				<string>FRAMEWORKS00000000000000</string>
				<string>RESOURCES000000000000000</string>
			</array>
			<key>dependencies</key>
			<array/>
			<key>buildRules</key>
			<array/>
		</dict>
		<key>PROJECT00000000000000000</key>
		<dict>
			<key>isa</key>
			<string>PBXProject</string>
			<key>attributes</key>
			<dict>
				<key>LastUpgradeCheck</key>
				<string>2700</string>
			</dict>
			<key>buildConfigurationList</key>
			<string>PROJLIST0000000000000000</string>
			<key>compatibilityVersion</key>
			<string>Xcode 14.0</string>
			<key>developmentRegion</key>
			<string>en</string>
			<key>knownRegions</key>
			<array>
				<string>en</string>
				<string>Base</string>
			</array>
			<key>mainGroup</key>
			<string>GROUP0000000000000000000</string>
			<key>productRefGroup</key>
			<string>GROUP0000000000000000000</string>
			<key>projectDirPath</key>
			<string></string>
			<key>projectRoot</key>
			<string></string>
			<key>targets</key>
			<array>
				<string>TARGET000000000000000000</string>
			</array>
		</dict>
	</dict>
	<key>rootObject</key>
	<string>PROJECT00000000000000000</string>
</dict>
</plist>
